
Microsoft Visual Studio Solution File, Format Version 12.00
# Visual Studio Version 17
VisualStudioVersion = 17.5.002.0
MinimumVisualStudioVersion = 10.0.40219.1
Project("{9A19103F-16F7-4668-BE54-9A1E7A4F7556}") = "GradebookCalculator", "GradebookCalculator.csproj", "{B57ACE59-8F00-44FA-B824-BE6C5FC1DCAD}"
EndProject
Global
	GlobalSection(SolutionConfigurationPlatforms) = preSolution
		Debug|Any CPU = Debug|Any CPU
		Release|Any CPU = Release|Any CPU
	EndGlobalSection
	GlobalSection(ProjectConfigurationPlatforms) = postSolution
		{B57ACE59-8F00-44FA-B824-BE6C5FC1DCAD}.Debug|Any CPU.ActiveCfg = Debug|Any CPU
		{B57ACE59-8F00-44FA-B824-BE6C5FC1DCAD}.Debug|Any CPU.Build.0 = Debug|Any CPU
		{B57ACE59-8F00-44FA-B824-BE6C5FC1DCAD}.Release|Any CPU.ActiveCfg = Release|Any CPU
		{B57ACE59-8F00-44FA-B824-BE6C5FC1DCAD}.Release|Any CPU.Build.0 = Release|Any CPU
	EndGlobalSection
	GlobalSection(SolutionProperties) = preSolution
		HideSolutionNode = FALSE
	EndGlobalSection
	GlobalSection(ExtensibilityGlobals) = postSolution
		SolutionGuid = {511DAF16-9DE6-4F05-B780-BEAF2084942F}
	EndGlobalSection
EndGlobal
